
Microsoft Visual Studio Solution File, Format Version 12.00
# Visual Studio 14
VisualStudioVersion = 14.0.25420.1
MinimumVisualStudioVersion = 10.0.40219.1
Project("{E24C65DC-7377-472B-9ABA-BC803B73C61A}") = "WebSiteJan2017", "WebSiteJan2017\", "{A0E8F715-C9AD-42FD-A869-E59E3CF87962}"
	ProjectSection(WebsiteProperties) = preProject
		TargetFrameworkMoniker = ".NETFramework,Version%3Dv4.5.2"
		ProjectReferences = "{f0d3f514-e7f6-4a23-96db-ccb4fcb84a2e}|Chinook.Data.dll;{d8e6303d-9500-4a60-b0ad-b5eda66670cf}|ChinookSystem.dll;"
		Debug.AspNetCompiler.VirtualPath = "/localhost_2258"
		Debug.AspNetCompiler.PhysicalPath = "WebSiteJan2017\"
		Debug.AspNetCompiler.TargetPath = "PrecompiledWeb\localhost_2258\"
		Debug.AspNetCompiler.Updateable = "true"
		Debug.AspNetCompiler.ForceOverwrite = "true"
		Debug.AspNetCompiler.FixedNames = "false"
		Debug.AspNetCompiler.Debug = "True"
		Release.AspNetCompiler.VirtualPath = "/localhost_2258"
		Release.AspNetCompiler.PhysicalPath = "WebSiteJan2017\"
		Release.AspNetCompiler.TargetPath = "PrecompiledWeb\localhost_2258\"
		Release.AspNetCompiler.Updateable = "true"
		Release.AspNetCompiler.ForceOverwrite = "true"
		Release.AspNetCompiler.FixedNames = "false"
		Release.AspNetCompiler.Debug = "False"
		VWDPort = "2258"
		SlnRelativePath = "WebSiteJan2017\"
		DefaultWebSiteLanguage = "Visual C#"
	EndProjectSection
EndProject
Project("{FAE04EC0-301F-11D3-BF4B-00C04F79EFBC}") = "Chinook.Data", "Chinook.Data\Chinook.Data.csproj", "{F0D3F514-E7F6-4A23-96DB-CCB4FCB84A2E}"
EndProject
Project("{FAE04EC0-301F-11D3-BF4B-00C04F79EFBC}") = "ChinookSystem", "ChinookSystem\ChinookSystem.csproj", "{D8E6303D-9500-4A60-B0AD-B5EDA66670CF}"
EndProject
Global
	GlobalSection(SolutionConfigurationPlatforms) = preSolution
		Debug|Any CPU = Debug|Any CPU
		Release|Any CPU = Release|Any CPU
	EndGlobalSection
	GlobalSection(ProjectConfigurationPlatforms) = postSolution
		{A0E8F715-C9AD-42FD-A869-E59E3CF87962}.Debug|Any CPU.ActiveCfg = Debug|Any CPU
		{A0E8F715-C9AD-42FD-A869-E59E3CF87962}.Debug|Any CPU.Build.0 = Debug|Any CPU
		{A0E8F715-C9AD-42FD-A869-E59E3CF87962}.Release|Any CPU.ActiveCfg = Debug|Any CPU
		{A0E8F715-C9AD-42FD-A869-E59E3CF87962}.Release|Any CPU.Build.0 = Debug|Any CPU
		{F0D3F514-E7F6-4A23-96DB-CCB4FCB84A2E}.Debug|Any CPU.ActiveCfg = Debug|Any CPU
		{F0D3F514-E7F6-4A23-96DB-CCB4FCB84A2E}.Debug|Any CPU.Build.0 = Debug|Any CPU
		{F0D3F514-E7F6-4A23-96DB-CCB4FCB84A2E}.Release|Any CPU.ActiveCfg = Release|Any CPU
		{F0D3F514-E7F6-4A23-96DB-CCB4FCB84A2E}.Release|Any CPU.Build.0 = Release|Any CPU
		{D8E6303D-9500-4A60-B0AD-B5EDA66670CF}.Debug|Any CPU.ActiveCfg = Debug|Any CPU
		{D8E6303D-9500-4A60-B0AD-B5EDA66670CF}.Debug|Any CPU.Build.0 = Debug|Any CPU
		{D8E6303D-9500-4A60-B0AD-B5EDA66670CF}.Release|Any CPU.ActiveCfg = Release|Any CPU
		{D8E6303D-9500-4A60-B0AD-B5EDA66670CF}.Release|Any CPU.Build.0 = Release|Any CPU
	EndGlobalSection
	GlobalSection(SolutionProperties) = preSolution
		HideSolutionNode = FALSE
	EndGlobalSection
EndGlobal
